// !$*UTF8*$!
{
	archiveVersion = 1;
	classes = {
	};
	objectVersion = 46;
	objects = {

/* Begin PBXBuildFile section */
		337F6EDFBE40F0C2E206E7DF /* libPods-SJGCDAFNetworkingDemo.a in Frameworks */ = {isa = PBXBuildFile; fileRef = 08A96274C484F9FDA5CA9D9E /* libPods-SJGCDAFNetworkingDemo.a */; };
		96FDC1281F038ADA00B71299 /* main.m in Sources */ = {isa = PBXBuildFile; fileRef = 96FDC1271F038ADA00B71299 /* main.m */; };
		96FDC12B1F038ADA00B71299 /* AppDelegate.m in Sources */ = {isa = PBXBuildFile; fileRef = 96FDC12A1F038ADA00B71299 /* AppDelegate.m */; };
		96FDC12E1F038ADA00B71299 /* ViewController.m in Sources */ = {isa = PBXBuildFile; fileRef = 96FDC12D1F038ADA00B71299 /* ViewController.m */; };
		96FDC1311F038ADA00B71299 /* Main.storyboard in Resources */ = {isa = PBXBuildFile; fileRef = 96FDC12F1F038ADA00B71299 /* Main.storyboard */; };
		96FDC1331F038ADA00B71299 /* Assets.xcassets in Resources */ = {isa = PBXBuildFile; fileRef = 96FDC1321F038ADA00B71299 /* Assets.xcassets */; };
		96FDC1361F038ADA00B71299 /* LaunchScreen.storyboard in Resources */ = {isa = PBXBuildFile; fileRef = 96FDC1341F038ADA00B71299 /* LaunchScreen.storyboard */; };
/* End PBXBuildFile section */

/* Begin PBXFileReference section */
		08A96274C484F9FDA5CA9D9E /* libPods-SJGCDAFNetworkingDemo.a */ = {isa = PBXFileReference; explicitFileType = archive.ar; includeInIndex = 0; path = "libPods-SJGCDAFNetworkingDemo.a"; sourceTree = BUILT_PRODUCTS_DIR; };
		27655461406E3B85526F3506 /* Pods-SJGCDAFNetworkingDemo.debug.xcconfig */ = {isa = PBXFileReference; includeInIndex = 1; lastKnownFileType = text.xcconfig; name = "Pods-SJGCDAFNetworkingDemo.debug.xcconfig"; path = "Pods/Target Support Files/Pods-SJGCDAFNetworkingDemo/Pods-SJGCDAFNetworkingDemo.debug.xcconfig"; sourceTree = "<group>"; };
		78A3A0A74A5CDC199F81087E /* Pods-SJGCDAFNetworkingDemo.release.xcconfig */ = {isa = PBXFileReference; includeInIndex = 1; lastKnownFileType = text.xcconfig; name = "Pods-SJGCDAFNetworkingDemo.release.xcconfig"; path = "Pods/Target Support Files/Pods-SJGCDAFNetworkingDemo/Pods-SJGCDAFNetworkingDemo.release.xcconfig"; sourceTree = "<group>"; };
		96FDC1231F038ADA00B71299 /* SJGCDAFNetworkingDemo.app */ = {isa = PBXFileReference; explicitFileType = wrapper.application; includeInIndex = 0; path = SJGCDAFNetworkingDemo.app; sourceTree = BUILT_PRODUCTS_DIR; };
		96FDC1271F038ADA00B71299 /* main.m */ = {isa = PBXFileReference; lastKnownFileType = sourcecode.c.objc; path = main.m; sourceTree = "<group>"; };
		96FDC1291F038ADA00B71299 /* AppDelegate.h */ = {isa = PBXFileReference; lastKnownFileType = sourcecode.c.h; path = AppDelegate.h; sourceTree = "<group>"; };
		96FDC12A1F038ADA00B71299 /* AppDelegate.m */ = {isa = PBXFileReference; lastKnownFileType = sourcecode.c.objc; path = AppDelegate.m; sourceTree = "<group>"; };
		96FDC12C1F038ADA00B71299 /* ViewController.h */ = {isa = PBXFileReference; lastKnownFileType = sourcecode.c.h; path = ViewController.h; sourceTree = "<group>"; };
		96FDC12D1F038ADA00B71299 /* ViewController.m */ = {isa = PBXFileReference; lastKnownFileType = sourcecode.c.objc; path = ViewController.m; sourceTree = "<group>"; };
		96FDC1301F038ADA00B71299 /* Base */ = {isa = PBXFileReference; lastKnownFileType = file.storyboard; name = Base; path = Base.lproj/Main.storyboard; sourceTree = "<group>"; };
		96FDC1321F038ADA00B71299 /* Assets.xcassets */ = {isa = PBXFileReference; lastKnownFileType = folder.assetcatalog; path = Assets.xcassets; sourceTree = "<group>"; };
		96FDC1351F038ADA00B71299 /* Base */ = {isa = PBXFileReference; lastKnownFileType = file.storyboard; name = Base; path = Base.lproj/LaunchScreen.storyboard; sourceTree = "<group>"; };
		96FDC1371F038ADA00B71299 /* Info.plist */ = {isa = PBXFileReference; lastKnownFileType = text.plist.xml; path = Info.plist; sourceTree = "<group>"; };
/* End PBXFileReference section */

/* Begin PBXFrameworksBuildPhase section */
		96FDC1201F038ADA00B71299 /* Frameworks */ = {
			isa = PBXFrameworksBuildPhase;
			buildActionMask = 2147483647;
			files = (
				337F6EDFBE40F0C2E206E7DF /* libPods-SJGCDAFNetworkingDemo.a in Frameworks */,
			);
			runOnlyForDeploymentPostprocessing = 0;
		};
/* End PBXFrameworksBuildPhase section */

/* Begin PBXGroup section */
		906C3F0EF84296D5E61456D1 /* Pods */ = {
			isa = PBXGroup;
			children = (
				27655461406E3B85526F3506 /* Pods-SJGCDAFNetworkingDemo.debug.xcconfig */,
				78A3A0A74A5CDC199F81087E /* Pods-SJGCDAFNetworkingDemo.release.xcconfig */,
			);
			name = Pods;
			sourceTree = "<group>";
		};
		96FDC11A1F038ADA00B71299 = {
			isa = PBXGroup;
			children = (
				96FDC1251F038ADA00B71299 /* SJGCDAFNetworkingDemo */,
				96FDC1241F038ADA00B71299 /* Products */,
				906C3F0EF84296D5E61456D1 /* Pods */,
				C29605737BD07CA54286CBB1 /* Frameworks */,
			);
			sourceTree = "<group>";
		};
		96FDC1241F038ADA00B71299 /* Products */ = {
			isa = PBXGroup;
			children = (
				96FDC1231F038ADA00B71299 /* SJGCDAFNetworkingDemo.app */,
			);
			name = Products;
			sourceTree = "<group>";
		};
		96FDC1251F038ADA00B71299 /* SJGCDAFNetworkingDemo */ = {
			isa = PBXGroup;
			children = (
				96FDC1291F038ADA00B71299 /* AppDelegate.h */,
				96FDC12A1F038ADA00B71299 /* AppDelegate.m */,
				96FDC12C1F038ADA00B71299 /* ViewController.h */,
				96FDC12D1F038ADA00B71299 /* ViewController.m */,
				96FDC12F1F038ADA00B71299 /* Main.storyboard */,
				96FDC1321F038ADA00B71299 /* Assets.xcassets */,
				96FDC1341F038ADA00B71299 /* LaunchScreen.storyboard */,
				96FDC1371F038ADA00B71299 /* Info.plist */,
				96FDC1261F038ADA00B71299 /* Supporting Files */,
			);
			path = SJGCDAFNetworkingDemo;
			sourceTree = "<group>";
		};
		96FDC1261F038ADA00B71299 /* Supporting Files */ = {
			isa = PBXGroup;
			children = (
				96FDC1271F038ADA00B71299 /* main.m */,
			);
			name = "Supporting Files";
			sourceTree = "<group>";
		};
		C29605737BD07CA54286CBB1 /* Frameworks */ = {
			isa = PBXGroup;
			children = (
				08A96274C484F9FDA5CA9D9E /* libPods-SJGCDAFNetworkingDemo.a */,
			);
			name = Frameworks;
			sourceTree = "<group>";
		};
/* End PBXGroup section */

/* Begin PBXNativeTarget section */
		96FDC1221F038ADA00B71299 /* SJGCDAFNetworkingDemo */ = {
			isa = PBXNativeTarget;
			buildConfigurationList = 96FDC13A1F038ADA00B71299 /* Build configuration list for PBXNativeTarget "SJGCDAFNetworkingDemo" */;
			buildPhases = (
				51DDB93E747B09874C7EE621 /* [CP] Check Pods Manifest.lock */,
				96FDC11F1F038ADA00B71299 /* Sources */,
				96FDC1201F038ADA00B71299 /* Frameworks */,
				96FDC1211F038ADA00B71299 /* Resources */,
				06433C9C3CEC6EDCC44DA42D /* [CP] Embed Pods Frameworks */,
				4DB38EE8689206E55F18BCD6 /* [CP] Copy Pods Resources */,
			);
			buildRules = (
			);
			dependencies = (
			);
			name = SJGCDAFNetworkingDemo;
			productName = SJGCDAFNetworkingDemo;
			productReference = 96FDC1231F038ADA00B71299 /* SJGCDAFNetworkingDemo.app */;
			productType = "com.apple.product-type.application";
		};
/* End PBXNativeTarget section */

/* Begin PBXProject section */
		96FDC11B1F038ADA00B71299 /* Project object */ = {
			isa = PBXProject;
			attributes = {
				LastUpgradeCheck = 0830;
				ORGANIZATIONNAME = sdp;
				TargetAttributes = {
					96FDC1221F038ADA00B71299 = {
						CreatedOnToolsVersion = 8.3.3;
						ProvisioningStyle = Automatic;
					};
				};
			};
			buildConfigurationList = 96FDC11E1F038ADA00B71299 /* Build configuration list for PBXProject "SJGCDAFNetworkingDemo" */;
			compatibilityVersion = "Xcode 3.2";
			developmentRegion = English;
			hasScannedForEncodings = 0;
			knownRegions = (
				en,
				Base,
			);
			mainGroup = 96FDC11A1F038ADA00B71299;
			productRefGroup = 96FDC1241F038ADA00B71299 /* Products */;
			projectDirPath = "";
			projectRoot = "";
			targets = (
				96FDC1221F038ADA00B71299 /* SJGCDAFNetworkingDemo */,
			);
		};
/* End PBXProject section */

/* Begin PBXResourcesBuildPhase section */
		96FDC1211F038ADA00B71299 /* Resources */ = {
			isa = PBXResourcesBuildPhase;
			buildActionMask = 2147483647;
			files = (
				96FDC1361F038ADA00B71299 /* LaunchScreen.storyboard in Resources */,
				96FDC1331F038ADA00B71299 /* Assets.xcassets in Resources */,
				96FDC1311F038ADA00B71299 /* Main.storyboard in Resources */,
			);
			runOnlyForDeploymentPostprocessing = 0;
		};
/* End PBXResourcesBuildPhase section */

/* Begin PBXShellScriptBuildPhase section */
		06433C9C3CEC6EDCC44DA42D /* [CP] Embed Pods Frameworks */ = {
			isa = PBXShellScriptBuildPhase;
			buildActionMask = 2147483647;
			files = (
			);
			inputPaths = (
			);
			name = "[CP] Embed Pods Frameworks";
			outputPaths = (
			);
			runOnlyForDeploymentPostprocessing = 0;
			shellPath = /bin/sh;
			shellScript = "\"${SRCROOT}/Pods/Target Support Files/Pods-SJGCDAFNetworkingDemo/Pods-SJGCDAFNetworkingDemo-frameworks.sh\"\n";
			showEnvVarsInLog = 0;
		};
		4DB38EE8689206E55F18BCD6 /* [CP] Copy Pods Resources */ = {
			isa = PBXShellScriptBuildPhase;
			buildActionMask = 2147483647;
			files = (
			);
			inputPaths = (
			);
			name = "[CP] Copy Pods Resources";
			outputPaths = (
			);
			runOnlyForDeploymentPostprocessing = 0;
			shellPath = /bin/sh;
			shellScript = "\"${SRCROOT}/Pods/Target Support Files/Pods-SJGCDAFNetworkingDemo/Pods-SJGCDAFNetworkingDemo-resources.sh\"\n";
			showEnvVarsInLog = 0;
		};
		51DDB93E747B09874C7EE621 /* [CP] Check Pods Manifest.lock */ = {
			isa = PBXShellScriptBuildPhase;
			buildActionMask = 2147483647;
			files = (
			);
			inputPaths = (
			);
			name = "[CP] Check Pods Manifest.lock";
			outputPaths = (
			);
			runOnlyForDeploymentPostprocessing = 0;
			shellPath = /bin/sh;
			shellScript = "diff \"${PODS_PODFILE_DIR_PATH}/Podfile.lock\" \"${PODS_ROOT}/Manifest.lock\" > /dev/null\nif [ $? != 0 ] ; then\n    # print error to STDERR\n    echo \"error: The sandbox is not in sync with the Podfile.lock. Run 'pod install' or update your CocoaPods installation.\" >&2\n    exit 1\nfi\n";
			showEnvVarsInLog = 0;
		};
/* End PBXShellScriptBuildPhase section */

/* Begin PBXSourcesBuildPhase section */
		96FDC11F1F038ADA00B71299 /* Sources */ = {
			isa = PBXSourcesBuildPhase;
			buildActionMask = 2147483647;
			files = (
				96FDC12E1F038ADA00B71299 /* ViewController.m in Sources */,
				96FDC12B1F038ADA00B71299 /* AppDelegate.m in Sources */,
				96FDC1281F038ADA00B71299 /* main.m in Sources */,
			);
			runOnlyForDeploymentPostprocessing = 0;
		};
/* End PBXSourcesBuildPhase section */

/* Begin PBXVariantGroup section */
		96FDC12F1F038ADA00B71299 /* Main.storyboard */ = {
			isa = PBXVariantGroup;
			children = (
				96FDC1301F038ADA00B71299 /* Base */,
			);
			name = Main.storyboard;
			sourceTree = "<group>";
		};
		96FDC1341F038ADA00B71299 /* LaunchScreen.storyboard */ = {
			isa = PBXVariantGroup;
			children = (
				96FDC1351F038ADA00B71299 /* Base */,
			);
			name = LaunchScreen.storyboard;
			sourceTree = "<group>";
		};
/* End PBXVariantGroup section */

/* Begin XCBuildConfiguration section */
		96FDC1381F038ADA00B71299 /* Debug */ = {
			isa = XCBuildConfiguration;
			buildSettings = {
				ALWAYS_SEARCH_USER_PATHS = NO;
				CLANG_ANALYZER_NONNULL = YES;
				CLANG_ANALYZER_NUMBER_OBJECT_CONVERSION = YES_AGGRESSIVE;
				CLANG_CXX_LANGUAGE_STANDARD = "gnu++0x";
				CLANG_CXX_LIBRARY = "libc++";
				CLANG_ENABLE_MODULES = YES;
				CLANG_ENABLE_OBJC_ARC = YES;
				CLANG_WARN_BOOL_CONVERSION = YES;
				CLANG_WARN_CONSTANT_CONVERSION = YES;
				CLANG_WARN_DIRECT_OBJC_ISA_USAGE = YES_ERROR;
				CLANG_WARN_DOCUMENTATION_COMMENTS = YES;
				CLANG_WARN_EMPTY_BODY = YES;
				CLANG_WARN_ENUM_CONVERSION = YES;
				CLANG_WARN_INFINITE_RECURSION = YES;
				CLANG_WARN_INT_CONVERSION = YES;
				CLANG_WARN_OBJC_ROOT_CLASS = YES_ERROR;
				CLANG_WARN_SUSPICIOUS_MOVE = YES;
				CLANG_WARN_UNREACHABLE_CODE = YES;
				CLANG_WARN__DUPLICATE_METHOD_MATCH = YES;
				"CODE_SIGN_IDENTITY[sdk=iphoneos*]" = "iPhone Developer";
				COPY_PHASE_STRIP = NO;
				DEBUG_INFORMATION_FORMAT = dwarf;
				ENABLE_STRICT_OBJC_MSGSEND = YES;
				ENABLE_TESTABILITY = YES;
				GCC_C_LANGUAGE_STANDARD = gnu99;
				GCC_DYNAMIC_NO_PIC = NO;
				GCC_NO_COMMON_BLOCKS = YES;
				GCC_OPTIMIZATION_LEVEL = 0;
				GCC_PREPROCESSOR_DEFINITIONS = (
					"DEBUG=1",
					"$(inherited)",
				);
				GCC_WARN_64_TO_32_BIT_CONVERSION = YES;
				GCC_WARN_ABOUT_RETURN_TYPE = YES_ERROR;
				GCC_WARN_UNDECLARED_SELECTOR = YES;
				GCC_WARN_UNINITIALIZED_AUTOS = YES_AGGRESSIVE;
				GCC_WARN_UNUSED_FUNCTION = YES;
				GCC_WARN_UNUSED_VARIABLE = YES;
				IPHONEOS_DEPLOYMENT_TARGET = 8.0;
				MTL_ENABLE_DEBUG_INFO = YES;
				ONLY_ACTIVE_ARCH = YES;
				SDKROOT = iphoneos;
			};
			name = Debug;
		};
		96FDC1391F038ADA00B71299 /* Release */ = {
			isa = XCBuildConfiguration;
			buildSettings = {
				ALWAYS_SEARCH_USER_PATHS = NO;
				CLANG_ANALYZER_NONNULL = YES;
				CLANG_ANALYZER_NUMBER_OBJECT_CONVERSION = YES_AGGRESSIVE;
				CLANG_CXX_LANGUAGE_STANDARD = "gnu++0x";
				CLANG_CXX_LIBRARY = "libc++";
				CLANG_ENABLE_MODULES = YES;
				CLANG_ENABLE_OBJC_ARC = YES;
				CLANG_WARN_BOOL_CONVERSION = YES;
				CLANG_WARN_CONSTANT_CONVERSION = YES;
				CLANG_WARN_DIRECT_OBJC_ISA_USAGE = YES_ERROR;
				CLANG_WARN_DOCUMENTATION_COMMENTS = YES;
				CLANG_WARN_EMPTY_BODY = YES;
				CLANG_WARN_ENUM_CONVERSION = YES;
				CLANG_WARN_INFINITE_RECURSION = YES;
				CLANG_WARN_INT_CONVERSION = YES;
				CLANG_WARN_OBJC_ROOT_CLASS = YES_ERROR;
				CLANG_WARN_SUSPICIOUS_MOVE = YES;
				CLANG_WARN_UNREACHABLE_CODE = YES;
				CLANG_WARN__DUPLICATE_METHOD_MATCH = YES;
				"CODE_SIGN_IDENTITY[sdk=iphoneos*]" = "iPhone Developer";
				COPY_PHASE_STRIP = NO;
				DEBUG_INFORMATION_FORMAT = "dwarf-with-dsym";
				ENABLE_NS_ASSERTIONS = NO;
				ENABLE_STRICT_OBJC_MSGSEND = YES;
				GCC_C_LANGUAGE_STANDARD = gnu99;
				GCC_NO_COMMON_BLOCKS = YES;
				GCC_WARN_64_TO_32_BIT_CONVERSION = YES;
				GCC_WARN_ABOUT_RETURN_TYPE = YES_ERROR;
				GCC_WARN_UNDECLARED_SELECTOR = YES;
				GCC_WARN_UNINITIALIZED_AUTOS = YES_AGGRESSIVE;
				GCC_WARN_UNUSED_FUNCTION = YES;
				GCC_WARN_UNUSED_VARIABLE = YES;
				IPHONEOS_DEPLOYMENT_TARGET = 8.0;
				MTL_ENABLE_DEBUG_INFO = NO;
				SDKROOT = iphoneos;
				VALIDATE_PRODUCT = YES;
			};
			name = Release;
		};
		96FDC13B1F038ADA00B71299 /* Debug */ = {
			isa = XCBuildConfiguration;
			baseConfigurationReference = 27655461406E3B85526F3506 /* Pods-SJGCDAFNetworkingDemo.debug.xcconfig */;
			buildSettings = {
				ASSETCATALOG_COMPILER_APPICON_NAME = AppIcon;
				INFOPLIST_FILE = SJGCDAFNetworkingDemo/Info.plist;
				LD_RUNPATH_SEARCH_PATHS = "$(inherited) @executable_path/Frameworks";
				PRODUCT_BUNDLE_IDENTIFIER = com.sdp.SJGCDAFNetworkingDemo;
				PRODUCT_NAME = "$(TARGET_NAME)";
			};
			name = Debug;
		};
		96FDC13C1F038ADA00B71299 /* Release */ = {
			isa = XCBuildConfiguration;
			baseConfigurationReference = 78A3A0A74A5CDC199F81087E /* Pods-SJGCDAFNetworkingDemo.release.xcconfig */;
			buildSettings = {
				ASSETCATALOG_COMPILER_APPICON_NAME = AppIcon;
				INFOPLIST_FILE = SJGCDAFNetworkingDemo/Info.plist;
				LD_RUNPATH_SEARCH_PATHS = "$(inherited) @executable_path/Frameworks";
				PRODUCT_BUNDLE_IDENTIFIER = com.sdp.SJGCDAFNetworkingDemo;
				PRODUCT_NAME = "$(TARGET_NAME)";
			};
			name = Release;
		};
/* End XCBuildConfiguration section */

/* Begin XCConfigurationList section */
		96FDC11E1F038ADA00B71299 /* Build configuration list for PBXProject "SJGCDAFNetworkingDemo" */ = {
			isa = XCConfigurationList;
			buildConfigurations = (
				96FDC1381F038ADA00B71299 /* Debug */,
				96FDC1391F038ADA00B71299 /* Release */,
			);
			defaultConfigurationIsVisible = 0;
			defaultConfigurationName = Release;
		};
		96FDC13A1F038ADA00B71299 /* Build configuration list for PBXNativeTarget "SJGCDAFNetworkingDemo" */ = {
			isa = XCConfigurationList;
			buildConfigurations = (
				96FDC13B1F038ADA00B71299 /* Debug */,
				96FDC13C1F038ADA00B71299 /* Release */,
			);
			defaultConfigurationIsVisible = 0;
			defaultConfigurationName = Release;
		};
/* End XCConfigurationList section */
	};
	rootObject = 96FDC11B1F038ADA00B71299 /* Project object */;
}
